{
  "name": "data-props",
  "version": "0.0.3",
  "lockfileVersion": 3,
  "requires": true,
  "packages": {
    "": {
      "name": "data-props",
      "version": "0.0.3",
      "license": "MIT",
      "dependencies": {
        "be-hive": "0.1.15",
        "mount-observer": "0.1.41",
        "nested-regex-groups": "0.0.7",
        "roundabout-lib": "0.0.23"
      },
      "devDependencies": {
        "@playwright/test": "1.61.0",
        "ssi-server": "0.0.7",
        "xtal-element": "0.0.637"
      }
    },
    "node_modules/@playwright/test": {
      "version": "1.61.0",
      "resolved": "https://registry.npmjs.org/@playwright/test/-/test-1.61.0.tgz",
      "integrity": "sha512-cKA5B6lpFEMyMGjxF54QihfYpB4FkEGH+qZhtArDEG+wezQAJY8Pq6C7T1SjWz+FFzt3TbyoXBQYk/0292TdJA==",
      "dev": true,
      "license": "Apache-2.0",
      "dependencies": {
        "playwright": "1.61.0"
      },
      "bin": {
        "playwright": "cli.js"
      },
      "engines": {
        "node": ">=18"
      }
    },
    "node_modules/assign-gingerly": {
      "version": "0.0.51",
      "resolved": "https://registry.npmjs.org/assign-gingerly/-/assign-gingerly-0.0.51.tgz",
      "integrity": "sha512-aHs6TYjhZbzwWJgogOK+3dpbuz7gk82jn0un1UdVLyobyTD1QZKwYz/nORavD/hsMT4Lcwhe/HO8sbQkkFZ/GQ==",
      "license": "MIT"
    },
    "node_modules/be-hive": {
      "version": "0.1.15",
      "resolved": "https://registry.npmjs.org/be-hive/-/be-hive-0.1.15.tgz",
      "integrity": "sha512-UjooG7MHQamBElItluoODYmWTr22XAcpe76KyCvxIWn1D9zG3Q2xLyGsJPELsAkQCQhrMENrzx2yTYMIXywKbg==",
      "license": "MIT",
      "dependencies": {
        "mount-observer": "0.1.40",
        "nested-regex-groups": "0.0.6"
      }
    },
    "node_modules/be-hive/node_modules/mount-observer": {
      "version": "0.1.40",
      "resolved": "https://registry.npmjs.org/mount-observer/-/mount-observer-0.1.40.tgz",
      "integrity": "sha512-GsMq/N3b4ywEyWrM2BVQ2CAi37qQ8grUAuZCQUnXtXMFJtGsA+of1CgSBsoIkfy1mSNINVjgk8TvQis/Q5r9xg==",
      "license": "MIT",
      "dependencies": {
        "assign-gingerly": "0.0.51",
        "id-generation": "0.0.5"
      }
    },
    "node_modules/be-hive/node_modules/nested-regex-groups": {
      "version": "0.0.6",
      "resolved": "https://registry.npmjs.org/nested-regex-groups/-/nested-regex-groups-0.0.6.tgz",
      "integrity": "sha512-pRy2Dewg1qNdY4Ur1FwoGUXSRuu8aNn1tSgmgk/2rpZ0JTqPlMOeyoY7/ZF0CdIf5fktCEdHR3NqFWiku9DEqg==",
      "license": "MIT"
    },
    "node_modules/blow-dry": {
      "version": "0.0.15",
      "resolved": "https://registry.npmjs.org/blow-dry/-/blow-dry-0.0.15.tgz",
      "integrity": "sha512-KTwLLOYfQ4f1Hw7qlJsFObBkAEqsLqMNwFSQO1VKLPG3Q5aUxNVk5q9ynOtd49DMlRQGPgBZDwZr/SrkQyZQyg==",
      "dev": true,
      "license": "MIT",
      "dependencies": {
        "mount-observer": "0.0.105"
      }
    },
    "node_modules/blow-dry/node_modules/mount-observer": {
      "version": "0.0.105",
      "resolved": "https://registry.npmjs.org/mount-observer/-/mount-observer-0.0.105.tgz",
      "integrity": "sha512-CC50i6eO3wbmjzVvUPcOcyJ7O2wggRiOrC3TO4LGLkJaiJQGWkfr8pX/4rqi+mY2PK96uPjGd1mhAwS1tEEvHQ==",
      "dev": true,
      "license": "MIT"
    },
    "node_modules/fsevents": {
      "version": "2.3.2",
      "resolved": "https://registry.npmjs.org/fsevents/-/fsevents-2.3.2.tgz",
      "integrity": "sha512-xiqMQR4xAeHTuB9uWm+fFRcIOgKBMiOBP+eXiyT7jsgVCq1bkVygt00oASowB7EdtpOHaaPgKt812P9ab+DDKA==",
      "dev": true,
      "hasInstallScript": true,
      "license": "MIT",
      "optional": true,
      "os": [
        "darwin"
      ],
      "engines": {
        "node": "^8.16.0 || ^10.6.0 || >=11.0.0"
      }
    },
    "node_modules/id-generation": {
      "version": "0.0.5",
      "resolved": "https://registry.npmjs.org/id-generation/-/id-generation-0.0.5.tgz",
      "integrity": "sha512-o0iN5vSj0A8mKOHCvj63RyNXERrCMliaSHWLXvZnXLYZFQ9AMelQkFgP1HAd9eWCyXJiw1p6TPfIrPvY6Om2HQ==",
      "license": "MIT"
    },
    "node_modules/mount-observer": {
      "version": "0.1.41",
      "resolved": "https://registry.npmjs.org/mount-observer/-/mount-observer-0.1.41.tgz",
      "integrity": "sha512-Q6EFLbmQ/QEtqEvRB20lSUtxHBC5HFZAk7FU7RyvJhPyUFUwLyTzwDmKekuYRIeN7LyGpsYl7GdJBdiDv3GFWQ==",
      "license": "MIT",
      "dependencies": {
        "assign-gingerly": "0.0.51",
        "id-generation": "0.0.5"
      }
    },
    "node_modules/nested-regex-groups": {
      "version": "0.0.7",
      "resolved": "https://registry.npmjs.org/nested-regex-groups/-/nested-regex-groups-0.0.7.tgz",
      "integrity": "sha512-tpSFBI/pJn2Tja3weayle2vU+E4ZW9xRGnes1vqRUbD9ifJk9MkFPx2mevbpVWfHM9jO/bDPLVbgViRrEqPXpA==",
      "license": "MIT"
    },
    "node_modules/playwright": {
      "version": "1.61.0",
      "resolved": "https://registry.npmjs.org/playwright/-/playwright-1.61.0.tgz",
      "integrity": "sha512-Z+7BeeqQPRRzklHsVFP4KTGIyMxKUmfeRA4WisM6G3/XW6nwGeX6fX9qYaDa+CiUqpOkb2f6X3nar05R3kSuJQ==",
      "dev": true,
      "license": "Apache-2.0",
      "dependencies": {
        "playwright-core": "1.61.0"
      },
      "bin": {
        "playwright": "cli.js"
      },
      "engines": {
        "node": ">=18"
      },
      "optionalDependencies": {
        "fsevents": "2.3.2"
      }
    },
    "node_modules/playwright-core": {
      "version": "1.61.0",
      "resolved": "https://registry.npmjs.org/playwright-core/-/playwright-core-1.61.0.tgz",
      "integrity": "sha512-caX7TrY3Ml6egyDX0WUcTHDxodl/b51y5wJOdCEA36QviK/s2g081hvmGs8eaE3DWb6NYZQ6BjO/QkNRPenoPA==",
      "dev": true,
      "license": "Apache-2.0",
      "bin": {
        "playwright-core": "cli.js"
      },
      "engines": {
        "node": ">=18"
      }
    },
    "node_modules/roundabout-lib": {
      "version": "0.0.23",
      "resolved": "https://registry.npmjs.org/roundabout-lib/-/roundabout-lib-0.0.23.tgz",
      "integrity": "sha512-jw1vonXwHyiiOpzVdTpzZSr+p7/VHV5dOo8oAqdpXNAiVAyKvd9ACQHiemwzlSPXPTJtwUHBBu7fRj71C3EDZw==",
      "license": "MIT",
      "dependencies": {
        "assign-gingerly": "0.0.52"
      }
    },
    "node_modules/roundabout-lib/node_modules/assign-gingerly": {
      "version": "0.0.52",
      "resolved": "https://registry.npmjs.org/assign-gingerly/-/assign-gingerly-0.0.52.tgz",
      "integrity": "sha512-Zb9VOCPnImIgwf01gfpUBKhcFuc4E9QhKXiyKaz5OmTJcbYMTQkcTmhpW5vl2xkFCr+jb489dkkNNczYBl96/A==",
      "license": "MIT"
    },
    "node_modules/ssi-server": {
      "version": "0.0.7",
      "resolved": "https://registry.npmjs.org/ssi-server/-/ssi-server-0.0.7.tgz",
      "integrity": "sha512-R3kMyEHzS+MNrdvEvz2E0xNHS0fOesK2sqxparx4lRgJ2QQnYFuyLc8UFtcMv3+TKK4PpsUtRxsRomnTGCEAUA==",
      "dev": true,
      "license": "Apache-2.0"
    },
    "node_modules/trans-render": {
      "version": "0.0.960",
      "resolved": "https://registry.npmjs.org/trans-render/-/trans-render-0.0.960.tgz",
      "integrity": "sha512-Z3j27xwGj9NV9KnFbNbRN1DYJkHtsu0BuJEg9fw2W7QBxjcv/YGePqU+j0TGEHxTwzsgZ95LxD8QC2iPxnJdCw==",
      "dev": true,
      "license": "MIT",
      "dependencies": {
        "mount-observer": "0.0.105"
      }
    },
    "node_modules/trans-render/node_modules/mount-observer": {
      "version": "0.0.105",
      "resolved": "https://registry.npmjs.org/mount-observer/-/mount-observer-0.0.105.tgz",
      "integrity": "sha512-CC50i6eO3wbmjzVvUPcOcyJ7O2wggRiOrC3TO4LGLkJaiJQGWkfr8pX/4rqi+mY2PK96uPjGd1mhAwS1tEEvHQ==",
      "dev": true,
      "license": "MIT"
    },
    "node_modules/xtal-element": {
      "version": "0.0.637",
      "resolved": "https://registry.npmjs.org/xtal-element/-/xtal-element-0.0.637.tgz",
      "integrity": "sha512-lboJzn9WK5GWII12IH3U8gkXacEFFRs6QgsNgxhkZqDi75VaS6NMmdz73tFtX3cyUtVKqUAVuSjw7eFTQSDplA==",
      "dev": true,
      "license": "MIT",
      "dependencies": {
        "blow-dry": "0.0.15",
        "trans-render": "0.0.960"
      }
    }
  }
}
